
Microsoft Visual Studio Solution File, Format Version 12.00
# Visual Studio 14
VisualStudioVersion = 14.0.24720.0
MinimumVisualStudioVersion = 10.0.40219.1
Project("{FAE04EC0-301F-11D3-BF4B-00C04F79EFBC}") = "HashChecker", "HashChecker\HashChecker.csproj", "{FB3F29D2-CC42-4811-B0F3-18CD55D74F94}"
EndProject
Project("{54435603-DBB4-11D2-8724-00A0C9A8B90C}") = "Setup", "Setup\Setup.vdproj", "{A88B45B1-9FDD-4D65-99A6-4D6763F85294}"
EndProject
Global
	GlobalSection(SolutionConfigurationPlatforms) = preSolution
		Debug|Any CPU = Debug|Any CPU
		Release|Any CPU = Release|Any CPU
	EndGlobalSection
	GlobalSection(ProjectConfigurationPlatforms) = postSolution
		{FB3F29D2-CC42-4811-B0F3-18CD55D74F94}.Debug|Any CPU.ActiveCfg = Debug|Any CPU
		{FB3F29D2-CC42-4811-B0F3-18CD55D74F94}.Debug|Any CPU.Build.0 = Debug|Any CPU
		{FB3F29D2-CC42-4811-B0F3-18CD55D74F94}.Release|Any CPU.ActiveCfg = Release|Any CPU
		{FB3F29D2-CC42-4811-B0F3-18CD55D74F94}.Release|Any CPU.Build.0 = Release|Any CPU
		{A88B45B1-9FDD-4D65-99A6-4D6763F85294}.Debug|Any CPU.ActiveCfg = Debug
		{A88B45B1-9FDD-4D65-99A6-4D6763F85294}.Release|Any CPU.ActiveCfg = Release
	EndGlobalSection
	GlobalSection(SolutionProperties) = preSolution
		HideSolutionNode = FALSE
	EndGlobalSection
EndGlobal
