
Microsoft Visual Studio Solution File, Format Version 12.00
# Visual Studio 2012
Project("{FAE04EC0-301F-11D3-BF4B-00C04F79EFBC}") = "HashChecker", "HashChecker\HashChecker.csproj", "{FB3F29D2-CC42-4811-B0F3-18CD55D74F94}"
EndProject
Global
	GlobalSection(SolutionConfigurationPlatforms) = preSolution
		Debug|Any CPU = Debug|Any CPU
		Release|Any CPU = Release|Any CPU
	EndGlobalSection
	GlobalSection(ProjectConfigurationPlatforms) = postSolution
		{FB3F29D2-CC42-4811-B0F3-18CD55D74F94}.Debug|Any CPU.ActiveCfg = Debug|Any CPU
		{FB3F29D2-CC42-4811-B0F3-18CD55D74F94}.Debug|Any CPU.Build.0 = Debug|Any CPU
		{FB3F29D2-CC42-4811-B0F3-18CD55D74F94}.Release|Any CPU.ActiveCfg = Release|Any CPU
		{FB3F29D2-CC42-4811-B0F3-18CD55D74F94}.Release|Any CPU.Build.0 = Release|Any CPU
	EndGlobalSection
	GlobalSection(SolutionProperties) = preSolution
		HideSolutionNode = FALSE
	EndGlobalSection
EndGlobal
